
Microsoft Visual Studio Solution File, Format Version 12.00
# Visual Studio 15
VisualStudioVersion = 15.0.28307.705
MinimumVisualStudioVersion = 10.0.40219.1
Project("{8BC9CEB8-8B4A-11D0-8D11-00A0C91BC942}") = "DesignPattern_ObjectFactory", "DesignPattern_ObjectFactory\DesignPattern_ObjectFactory.vcxproj", "{69180A6C-278B-4151-9DCC-0B3CA818F8DB}"
EndProject
Global
	GlobalSection(SolutionConfigurationPlatforms) = preSolution
		Debug|x64 = Debug|x64
		Debug|x86 = Debug|x86
		Release|x64 = Release|x64
		Release|x86 = Release|x86
	EndGlobalSection
	GlobalSection(ProjectConfigurationPlatforms) = postSolution
		{69180A6C-278B-4151-9DCC-0B3CA818F8DB}.Debug|x64.ActiveCfg = Debug|x64
		{69180A6C-278B-4151-9DCC-0B3CA818F8DB}.Debug|x64.Build.0 = Debug|x64
		{69180A6C-278B-4151-9DCC-0B3CA818F8DB}.Debug|x86.ActiveCfg = Debug|Win32
		{69180A6C-278B-4151-9DCC-0B3CA818F8DB}.Debug|x86.Build.0 = Debug|Win32
		{69180A6C-278B-4151-9DCC-0B3CA818F8DB}.Release|x64.ActiveCfg = Release|x64
		{69180A6C-278B-4151-9DCC-0B3CA818F8DB}.Release|x64.Build.0 = Release|x64
		{69180A6C-278B-4151-9DCC-0B3CA818F8DB}.Release|x86.ActiveCfg = Release|Win32
		{69180A6C-278B-4151-9DCC-0B3CA818F8DB}.Release|x86.Build.0 = Release|Win32
	EndGlobalSection
	GlobalSection(SolutionProperties) = preSolution
		HideSolutionNode = FALSE
	EndGlobalSection
	GlobalSection(ExtensibilityGlobals) = postSolution
		SolutionGuid = {8BC9E10B-6991-4914-962A-C026BB3032C0}
	EndGlobalSection
EndGlobal
